// !$*UTF8*$!
{
	archiveVersion = 1;
	classes = {
	};
	objectVersion = 50;
	objects = {

/* Begin PBXBuildFile section */
		8F67EE4924983B88003CFB52 /* AppDelegate.swift in Sources */ = {isa = PBXBuildFile; fileRef = 8F67EE4824983B88003CFB52 /* AppDelegate.swift */; };
		8F67EE4B24983B88003CFB52 /* SceneDelegate.swift in Sources */ = {isa = PBXBuildFile; fileRef = 8F67EE4A24983B88003CFB52 /* SceneDelegate.swift */; };
		8F67EE4D24983B88003CFB52 /* ViewController.swift in Sources */ = {isa = PBXBuildFile; fileRef = 8F67EE4C24983B88003CFB52 /* ViewController.swift */; };
		8F67EE5024983B88003CFB52 /* Main.storyboard in Resources */ = {isa = PBXBuildFile; fileRef = 8F67EE4E24983B88003CFB52 /* Main.storyboard */; };
		8F67EE5224983B90003CFB52 /* Assets.xcassets in Resources */ = {isa = PBXBuildFile; fileRef = 8F67EE5124983B90003CFB52 /* Assets.xcassets */; };
		8F67EE5524983B90003CFB52 /* LaunchScreen.storyboard in Resources */ = {isa = PBXBuildFile; fileRef = 8F67EE5324983B90003CFB52 /* LaunchScreen.storyboard */; };
		8F67EE5D24983C03003CFB52 /* InputViewController.swift in Sources */ = {isa = PBXBuildFile; fileRef = 8F67EE5C24983C03003CFB52 /* InputViewController.swift */; };
/* End PBXBuildFile section */

/* Begin PBXFileReference section */
		8F67EE4524983B88003CFB52 /* task_PickerView.app */ = {isa = PBXFileReference; explicitFileType = wrapper.application; includeInIndex = 0; path = task_PickerView.app; sourceTree = BUILT_PRODUCTS_DIR; };
		8F67EE4824983B88003CFB52 /* AppDelegate.swift */ = {isa = PBXFileReference; lastKnownFileType = sourcecode.swift; path = AppDelegate.swift; sourceTree = "<group>"; };
		8F67EE4A24983B88003CFB52 /* SceneDelegate.swift */ = {isa = PBXFileReference; lastKnownFileType = sourcecode.swift; path = SceneDelegate.swift; sourceTree = "<group>"; };
		8F67EE4C24983B88003CFB52 /* ViewController.swift */ = {isa = PBXFileReference; lastKnownFileType = sourcecode.swift; path = ViewController.swift; sourceTree = "<group>"; };
		8F67EE4F24983B88003CFB52 /* Base */ = {isa = PBXFileReference; lastKnownFileType = file.storyboard; name = Base; path = Base.lproj/Main.storyboard; sourceTree = "<group>"; };
		8F67EE5124983B90003CFB52 /* Assets.xcassets */ = {isa = PBXFileReference; lastKnownFileType = folder.assetcatalog; path = Assets.xcassets; sourceTree = "<group>"; };
		8F67EE5424983B90003CFB52 /* Base */ = {isa = PBXFileReference; lastKnownFileType = file.storyboard; name = Base; path = Base.lproj/LaunchScreen.storyboard; sourceTree = "<group>"; };
		8F67EE5624983B90003CFB52 /* Info.plist */ = {isa = PBXFileReference; lastKnownFileType = text.plist.xml; path = Info.plist; sourceTree = "<group>"; };
		8F67EE5C24983C03003CFB52 /* InputViewController.swift */ = {isa = PBXFileReference; lastKnownFileType = sourcecode.swift; path = InputViewController.swift; sourceTree = "<group>"; };
/* End PBXFileReference section */

/* Begin PBXFrameworksBuildPhase section */
		8F67EE4224983B88003CFB52 /* Frameworks */ = {
			isa = PBXFrameworksBuildPhase;
			buildActionMask = 2147483647;
			files = (
			);
			runOnlyForDeploymentPostprocessing = 0;
		};
/* End PBXFrameworksBuildPhase section */

/* Begin PBXGroup section */
		8F67EE3C24983B88003CFB52 = {
			isa = PBXGroup;
			children = (
				8F67EE4724983B88003CFB52 /* task_PickerView */,
				8F67EE4624983B88003CFB52 /* Products */,
			);
			sourceTree = "<group>";
		};
		8F67EE4624983B88003CFB52 /* Products */ = {
			isa = PBXGroup;
			children = (
				8F67EE4524983B88003CFB52 /* task_PickerView.app */,
			);
			name = Products;
			sourceTree = "<group>";
		};
		8F67EE4724983B88003CFB52 /* task_PickerView */ = {
			isa = PBXGroup;
			children = (
				8F67EE4824983B88003CFB52 /* AppDelegate.swift */,
				8F67EE4A24983B88003CFB52 /* SceneDelegate.swift */,
				8F67EE4C24983B88003CFB52 /* ViewController.swift */,
				8F67EE4E24983B88003CFB52 /* Main.storyboard */,
				8F67EE5C24983C03003CFB52 /* InputViewController.swift */,
				8F67EE5124983B90003CFB52 /* Assets.xcassets */,
				8F67EE5324983B90003CFB52 /* LaunchScreen.storyboard */,
				8F67EE5624983B90003CFB52 /* Info.plist */,
			);
			path = task_PickerView;
			sourceTree = "<group>";
		};
/* End PBXGroup section */

/* Begin PBXNativeTarget section */
		8F67EE4424983B88003CFB52 /* task_PickerView */ = {
			isa = PBXNativeTarget;
			buildConfigurationList = 8F67EE5924983B90003CFB52 /* Build configuration list for PBXNativeTarget "task_PickerView" */;
			buildPhases = (
				8F67EE4124983B88003CFB52 /* Sources */,
				8F67EE4224983B88003CFB52 /* Frameworks */,
				8F67EE4324983B88003CFB52 /* Resources */,
			);
			buildRules = (
			);
			dependencies = (
			);
			name = task_PickerView;
			productName = task_PickerView;
			productReference = 8F67EE4524983B88003CFB52 /* task_PickerView.app */;
			productType = "com.apple.product-type.application";
		};
/* End PBXNativeTarget section */

/* Begin PBXProject section */
		8F67EE3D24983B88003CFB52 /* Project object */ = {
			isa = PBXProject;
			attributes = {
				LastSwiftUpdateCheck = 1150;
				LastUpgradeCheck = 1150;
				ORGANIZATIONNAME = Ajima;
				TargetAttributes = {
					8F67EE4424983B88003CFB52 = {
						CreatedOnToolsVersion = 11.5;
					};
				};
			};
			buildConfigurationList = 8F67EE4024983B88003CFB52 /* Build configuration list for PBXProject "task_PickerView" */;
			compatibilityVersion = "Xcode 9.3";
			developmentRegion = en;
			hasScannedForEncodings = 0;
			knownRegions = (
				en,
				Base,
			);
			mainGroup = 8F67EE3C24983B88003CFB52;
			productRefGroup = 8F67EE4624983B88003CFB52 /* Products */;
			projectDirPath = "";
			projectRoot = "";
			targets = (
				8F67EE4424983B88003CFB52 /* task_PickerView */,
			);
		};
/* End PBXProject section */

/* Begin PBXResourcesBuildPhase section */
		8F67EE4324983B88003CFB52 /* Resources */ = {
			isa = PBXResourcesBuildPhase;
			buildActionMask = 2147483647;
			files = (
				8F67EE5524983B90003CFB52 /* LaunchScreen.storyboard in Resources */,
				8F67EE5224983B90003CFB52 /* Assets.xcassets in Resources */,
				8F67EE5024983B88003CFB52 /* Main.storyboard in Resources */,
			);
			runOnlyForDeploymentPostprocessing = 0;
		};
/* End PBXResourcesBuildPhase section */

/* Begin PBXSourcesBuildPhase section */
		8F67EE4124983B88003CFB52 /* Sources */ = {
			isa = PBXSourcesBuildPhase;
			buildActionMask = 2147483647;
			files = (
				8F67EE4D24983B88003CFB52 /* ViewController.swift in Sources */,
				8F67EE4924983B88003CFB52 /* AppDelegate.swift in Sources */,
				8F67EE4B24983B88003CFB52 /* SceneDelegate.swift in Sources */,
				8F67EE5D24983C03003CFB52 /* InputViewController.swift in Sources */,
			);
			runOnlyForDeploymentPostprocessing = 0;
		};
/* End PBXSourcesBuildPhase section */

/* Begin PBXVariantGroup section */
		8F67EE4E24983B88003CFB52 /* Main.storyboard */ = {
			isa = PBXVariantGroup;
			children = (
				8F67EE4F24983B88003CFB52 /* Base */,
			);
			name = Main.storyboard;
			sourceTree = "<group>";
		};
		8F67EE5324983B90003CFB52 /* LaunchScreen.storyboard */ = {
			isa = PBXVariantGroup;
			children = (
				8F67EE5424983B90003CFB52 /* Base */,
			);
			name = LaunchScreen.storyboard;
			sourceTree = "<group>";
		};
/* End PBXVariantGroup section */

/* Begin XCBuildConfiguration section */
		8F67EE5724983B90003CFB52 /* Debug */ = {
			isa = XCBuildConfiguration;
			buildSettings = {
				ALWAYS_SEARCH_USER_PATHS = NO;
				CLANG_ANALYZER_NONNULL = YES;
				CLANG_ANALYZER_NUMBER_OBJECT_CONVERSION = YES_AGGRESSIVE;
				CLANG_CXX_LANGUAGE_STANDARD = "gnu++14";
				CLANG_CXX_LIBRARY = "libc++";
				CLANG_ENABLE_MODULES = YES;
				CLANG_ENABLE_OBJC_ARC = YES;
				CLANG_ENABLE_OBJC_WEAK = YES;
				CLANG_WARN_BLOCK_CAPTURE_AUTORELEASING = YES;
				CLANG_WARN_BOOL_CONVERSION = YES;
				CLANG_WARN_COMMA = YES;
				CLANG_WARN_CONSTANT_CONVERSION = YES;
				CLANG_WARN_DEPRECATED_OBJC_IMPLEMENTATIONS = YES;
				CLANG_WARN_DIRECT_OBJC_ISA_USAGE = YES_ERROR;
				CLANG_WARN_DOCUMENTATION_COMMENTS = YES;
				CLANG_WARN_EMPTY_BODY = YES;
				CLANG_WARN_ENUM_CONVERSION = YES;
				CLANG_WARN_INFINITE_RECURSION = YES;
				CLANG_WARN_INT_CONVERSION = YES;
				CLANG_WARN_NON_LITERAL_NULL_CONVERSION = YES;
				CLANG_WARN_OBJC_IMPLICIT_RETAIN_SELF = YES;
				CLANG_WARN_OBJC_LITERAL_CONVERSION = YES;
				CLANG_WARN_OBJC_ROOT_CLASS = YES_ERROR;
				CLANG_WARN_RANGE_LOOP_ANALYSIS = YES;
				CLANG_WARN_STRICT_PROTOTYPES = YES;
				CLANG_WARN_SUSPICIOUS_MOVE = YES;
				CLANG_WARN_UNGUARDED_AVAILABILITY = YES_AGGRESSIVE;
				CLANG_WARN_UNREACHABLE_CODE = YES;
				CLANG_WARN__DUPLICATE_METHOD_MATCH = YES;
				COPY_PHASE_STRIP = NO;
				DEBUG_INFORMATION_FORMAT = dwarf;
				ENABLE_STRICT_OBJC_MSGSEND = YES;
				ENABLE_TESTABILITY = YES;
				GCC_C_LANGUAGE_STANDARD = gnu11;
				GCC_DYNAMIC_NO_PIC = NO;
				GCC_NO_COMMON_BLOCKS = YES;
				GCC_OPTIMIZATION_LEVEL = 0;
				GCC_PREPROCESSOR_DEFINITIONS = (
					"DEBUG=1",
					"$(inherited)",
				);
				GCC_WARN_64_TO_32_BIT_CONVERSION = YES;
				GCC_WARN_ABOUT_RETURN_TYPE = YES_ERROR;
				GCC_WARN_UNDECLARED_SELECTOR = YES;
				GCC_WARN_UNINITIALIZED_AUTOS = YES_AGGRESSIVE;
				GCC_WARN_UNUSED_FUNCTION = YES;
				GCC_WARN_UNUSED_VARIABLE = YES;
				IPHONEOS_DEPLOYMENT_TARGET = 13.5;
				MTL_ENABLE_DEBUG_INFO = INCLUDE_SOURCE;
				MTL_FAST_MATH = YES;
				ONLY_ACTIVE_ARCH = YES;
				SDKROOT = iphoneos;
				SWIFT_ACTIVE_COMPILATION_CONDITIONS = DEBUG;
				SWIFT_OPTIMIZATION_LEVEL = "-Onone";
			};
			name = Debug;
		};
		8F67EE5824983B90003CFB52 /* Release */ = {
			isa = XCBuildConfiguration;
			buildSettings = {
				ALWAYS_SEARCH_USER_PATHS = NO;
				CLANG_ANALYZER_NONNULL = YES;
				CLANG_ANALYZER_NUMBER_OBJECT_CONVERSION = YES_AGGRESSIVE;
				CLANG_CXX_LANGUAGE_STANDARD = "gnu++14";
				CLANG_CXX_LIBRARY = "libc++";
				CLANG_ENABLE_MODULES = YES;
				CLANG_ENABLE_OBJC_ARC = YES;
				CLANG_ENABLE_OBJC_WEAK = YES;
				CLANG_WARN_BLOCK_CAPTURE_AUTORELEASING = YES;
				CLANG_WARN_BOOL_CONVERSION = YES;
				CLANG_WARN_COMMA = YES;
				CLANG_WARN_CONSTANT_CONVERSION = YES;
				CLANG_WARN_DEPRECATED_OBJC_IMPLEMENTATIONS = YES;
				CLANG_WARN_DIRECT_OBJC_ISA_USAGE = YES_ERROR;
				CLANG_WARN_DOCUMENTATION_COMMENTS = YES;
				CLANG_WARN_EMPTY_BODY = YES;
				CLANG_WARN_ENUM_CONVERSION = YES;
				CLANG_WARN_INFINITE_RECURSION = YES;
				CLANG_WARN_INT_CONVERSION = YES;
				CLANG_WARN_NON_LITERAL_NULL_CONVERSION = YES;
				CLANG_WARN_OBJC_IMPLICIT_RETAIN_SELF = YES;
				CLANG_WARN_OBJC_LITERAL_CONVERSION = YES;
				CLANG_WARN_OBJC_ROOT_CLASS = YES_ERROR;
				CLANG_WARN_RANGE_LOOP_ANALYSIS = YES;
				CLANG_WARN_STRICT_PROTOTYPES = YES;
				CLANG_WARN_SUSPICIOUS_MOVE = YES;
				CLANG_WARN_UNGUARDED_AVAILABILITY = YES_AGGRESSIVE;
				CLANG_WARN_UNREACHABLE_CODE = YES;
				CLANG_WARN__DUPLICATE_METHOD_MATCH = YES;
				COPY_PHASE_STRIP = NO;
				DEBUG_INFORMATION_FORMAT = "dwarf-with-dsym";
				ENABLE_NS_ASSERTIONS = NO;
				ENABLE_STRICT_OBJC_MSGSEND = YES;
				GCC_C_LANGUAGE_STANDARD = gnu11;
				GCC_NO_COMMON_BLOCKS = YES;
				GCC_WARN_64_TO_32_BIT_CONVERSION = YES;
				GCC_WARN_ABOUT_RETURN_TYPE = YES_ERROR;
				GCC_WARN_UNDECLARED_SELECTOR = YES;
				GCC_WARN_UNINITIALIZED_AUTOS = YES_AGGRESSIVE;
				GCC_WARN_UNUSED_FUNCTION = YES;
				GCC_WARN_UNUSED_VARIABLE = YES;
				IPHONEOS_DEPLOYMENT_TARGET = 13.5;
				MTL_ENABLE_DEBUG_INFO = NO;
				MTL_FAST_MATH = YES;
				SDKROOT = iphoneos;
				SWIFT_COMPILATION_MODE = wholemodule;
				SWIFT_OPTIMIZATION_LEVEL = "-O";
				VALIDATE_PRODUCT = YES;
			};
			name = Release;
		};
		8F67EE5A24983B90003CFB52 /* Debug */ = {
			isa = XCBuildConfiguration;
			buildSettings = {
				ASSETCATALOG_COMPILER_APPICON_NAME = AppIcon;
				CODE_SIGN_STYLE = Automatic;
				DEVELOPMENT_TEAM = ZVQKLKLNZM;
				INFOPLIST_FILE = task_PickerView/Info.plist;
				LD_RUNPATH_SEARCH_PATHS = (
					"$(inherited)",
					"@executable_path/Frameworks",
				);
				PRODUCT_BUNDLE_IDENTIFIER = "peachlily.511.task-PickerView";
				PRODUCT_NAME = "$(TARGET_NAME)";
				SWIFT_VERSION = 5.0;
				TARGETED_DEVICE_FAMILY = "1,2";
			};
			name = Debug;
		};
		8F67EE5B24983B90003CFB52 /* Release */ = {
			isa = XCBuildConfiguration;
			buildSettings = {
				ASSETCATALOG_COMPILER_APPICON_NAME = AppIcon;
				CODE_SIGN_STYLE = Automatic;
				DEVELOPMENT_TEAM = ZVQKLKLNZM;
				INFOPLIST_FILE = task_PickerView/Info.plist;
				LD_RUNPATH_SEARCH_PATHS = (
					"$(inherited)",
					"@executable_path/Frameworks",
				);
				PRODUCT_BUNDLE_IDENTIFIER = "peachlily.511.task-PickerView";
				PRODUCT_NAME = "$(TARGET_NAME)";
				SWIFT_VERSION = 5.0;
				TARGETED_DEVICE_FAMILY = "1,2";
			};
			name = Release;
		};
/* End XCBuildConfiguration section */

/* Begin XCConfigurationList section */
		8F67EE4024983B88003CFB52 /* Build configuration list for PBXProject "task_PickerView" */ = {
			isa = XCConfigurationList;
			buildConfigurations = (
				8F67EE5724983B90003CFB52 /* Debug */,
				8F67EE5824983B90003CFB52 /* Release */,
			);
			defaultConfigurationIsVisible = 0;
			defaultConfigurationName = Release;
		};
		8F67EE5924983B90003CFB52 /* Build configuration list for PBXNativeTarget "task_PickerView" */ = {
			isa = XCConfigurationList;
			buildConfigurations = (
				8F67EE5A24983B90003CFB52 /* Debug */,
				8F67EE5B24983B90003CFB52 /* Release */,
			);
			defaultConfigurationIsVisible = 0;
			defaultConfigurationName = Release;
		};
/* End XCConfigurationList section */
	};
	rootObject = 8F67EE3D24983B88003CFB52 /* Project object */;
}
